// !$*UTF8*$!
{
	archiveVersion = 1;
	classes = {
	};
	objectVersion = 46;
	objects = {

/* Begin PBXBuildFile section */
		340240641BD84590002881C9 /* Keys.m in Sources */ = {isa = PBXBuildFile; fileRef = 340240631BD84590002881C9 /* Keys.m */; settings = {ASSET_TAGS = (); }; };
		348741511BD84BF300038887 /* Cake.m in Sources */ = {isa = PBXBuildFile; fileRef = 348741501BD84BF300038887 /* Cake.m */; settings = {ASSET_TAGS = (); }; };
		348741571BD84C9700038887 /* Order.m in Sources */ = {isa = PBXBuildFile; fileRef = 348741561BD84C9700038887 /* Order.m */; settings = {ASSET_TAGS = (); }; };
		348741621BD84D9800038887 /* CakeCollectionViewCell.m in Sources */ = {isa = PBXBuildFile; fileRef = 348741591BD84D9800038887 /* CakeCollectionViewCell.m */; settings = {ASSET_TAGS = (); }; };
		348741631BD84D9800038887 /* CakeMenuViewController.m in Sources */ = {isa = PBXBuildFile; fileRef = 3487415B1BD84D9800038887 /* CakeMenuViewController.m */; settings = {ASSET_TAGS = (); }; };
		348741641BD84D9800038887 /* LocationsViewController.m in Sources */ = {isa = PBXBuildFile; fileRef = 3487415D1BD84D9800038887 /* LocationsViewController.m */; settings = {ASSET_TAGS = (); }; };
		348741651BD84D9800038887 /* MainMenuViewController.m in Sources */ = {isa = PBXBuildFile; fileRef = 3487415F1BD84D9800038887 /* MainMenuViewController.m */; settings = {ASSET_TAGS = (); }; };
		348741661BD84D9800038887 /* OrderTableViewController.m in Sources */ = {isa = PBXBuildFile; fileRef = 348741611BD84D9800038887 /* OrderTableViewController.m */; settings = {ASSET_TAGS = (); }; };
		348741681BD84DBF00038887 /* cakes.json in Resources */ = {isa = PBXBuildFile; fileRef = 348741671BD84DBF00038887 /* cakes.json */; settings = {ASSET_TAGS = (); }; };
		3487416A1BD84E2A00038887 /* Main.storyboard in Resources */ = {isa = PBXBuildFile; fileRef = 348741691BD84E2A00038887 /* Main.storyboard */; settings = {ASSET_TAGS = (); }; };
		34B7A73D1BD84234001E6AD5 /* main.m in Sources */ = {isa = PBXBuildFile; fileRef = 34B7A73C1BD84234001E6AD5 /* main.m */; };
		34B7A7401BD84234001E6AD5 /* AppDelegate.m in Sources */ = {isa = PBXBuildFile; fileRef = 34B7A73F1BD84234001E6AD5 /* AppDelegate.m */; };
		34B7A7481BD84234001E6AD5 /* Assets.xcassets in Resources */ = {isa = PBXBuildFile; fileRef = 34B7A7471BD84234001E6AD5 /* Assets.xcassets */; };
		34B7A74B1BD84234001E6AD5 /* LaunchScreen.storyboard in Resources */ = {isa = PBXBuildFile; fileRef = 34B7A7491BD84234001E6AD5 /* LaunchScreen.storyboard */; };
		34B7A7561BD84235001E6AD5 /* Regent_Bakery_and_CafeTests.m in Sources */ = {isa = PBXBuildFile; fileRef = 34B7A7551BD84235001E6AD5 /* Regent_Bakery_and_CafeTests.m */; };
		34B7A7611BD84235001E6AD5 /* Regent_Bakery_and_CafeUITests.m in Sources */ = {isa = PBXBuildFile; fileRef = 34B7A7601BD84235001E6AD5 /* Regent_Bakery_and_CafeUITests.m */; };
		5B627A19C77CACDC675E0046 /* libPods-Regent Bakery and Cafe.a in Frameworks */ = {isa = PBXBuildFile; fileRef = 1FACDB561BDF636749456C4F /* libPods-Regent Bakery and Cafe.a */; };
/* End PBXBuildFile section */

/* Begin PBXContainerItemProxy section */
		34B7A7521BD84234001E6AD5 /* PBXContainerItemProxy */ = {
			isa = PBXContainerItemProxy;
			containerPortal = 34B7A7301BD84234001E6AD5 /* Project object */;
			proxyType = 1;
			remoteGlobalIDString = 34B7A7371BD84234001E6AD5;
			remoteInfo = "Regent Bakery and Cafe";
		};
		34B7A75D1BD84235001E6AD5 /* PBXContainerItemProxy */ = {
			isa = PBXContainerItemProxy;
			containerPortal = 34B7A7301BD84234001E6AD5 /* Project object */;
			proxyType = 1;
			remoteGlobalIDString = 34B7A7371BD84234001E6AD5;
			remoteInfo = "Regent Bakery and Cafe";
		};
/* End PBXContainerItemProxy section */

/* Begin PBXFileReference section */
		1FACDB561BDF636749456C4F /* libPods-Regent Bakery and Cafe.a */ = {isa = PBXFileReference; explicitFileType = archive.ar; includeInIndex = 0; path = "libPods-Regent Bakery and Cafe.a"; sourceTree = BUILT_PRODUCTS_DIR; };
		340240621BD84590002881C9 /* Keys.h */ = {isa = PBXFileReference; fileEncoding = 4; lastKnownFileType = sourcecode.c.h; path = Keys.h; sourceTree = "<group>"; };
		340240631BD84590002881C9 /* Keys.m */ = {isa = PBXFileReference; fileEncoding = 4; lastKnownFileType = sourcecode.c.objc; path = Keys.m; sourceTree = "<group>"; };
		3487414F1BD84BF300038887 /* Cake.h */ = {isa = PBXFileReference; fileEncoding = 4; lastKnownFileType = sourcecode.c.h; path = Cake.h; sourceTree = "<group>"; };
		348741501BD84BF300038887 /* Cake.m */ = {isa = PBXFileReference; fileEncoding = 4; lastKnownFileType = sourcecode.c.objc; path = Cake.m; sourceTree = "<group>"; };
		348741551BD84C9700038887 /* Order.h */ = {isa = PBXFileReference; fileEncoding = 4; lastKnownFileType = sourcecode.c.h; path = Order.h; sourceTree = "<group>"; };
		348741561BD84C9700038887 /* Order.m */ = {isa = PBXFileReference; fileEncoding = 4; lastKnownFileType = sourcecode.c.objc; path = Order.m; sourceTree = "<group>"; };
		348741581BD84D9800038887 /* CakeCollectionViewCell.h */ = {isa = PBXFileReference; fileEncoding = 4; lastKnownFileType = sourcecode.c.h; path = CakeCollectionViewCell.h; sourceTree = "<group>"; };
		348741591BD84D9800038887 /* CakeCollectionViewCell.m */ = {isa = PBXFileReference; fileEncoding = 4; lastKnownFileType = sourcecode.c.objc; path = CakeCollectionViewCell.m; sourceTree = "<group>"; };
		3487415A1BD84D9800038887 /* CakeMenuViewController.h */ = {isa = PBXFileReference; fileEncoding = 4; lastKnownFileType = sourcecode.c.h; path = CakeMenuViewController.h; sourceTree = "<group>"; };
		3487415B1BD84D9800038887 /* CakeMenuViewController.m */ = {isa = PBXFileReference; fileEncoding = 4; lastKnownFileType = sourcecode.c.objc; path = CakeMenuViewController.m; sourceTree = "<group>"; };
		3487415C1BD84D9800038887 /* LocationsViewController.h */ = {isa = PBXFileReference; fileEncoding = 4; lastKnownFileType = sourcecode.c.h; path = LocationsViewController.h; sourceTree = "<group>"; };
		3487415D1BD84D9800038887 /* LocationsViewController.m */ = {isa = PBXFileReference; fileEncoding = 4; lastKnownFileType = sourcecode.c.objc; path = LocationsViewController.m; sourceTree = "<group>"; };
		3487415E1BD84D9800038887 /* MainMenuViewController.h */ = {isa = PBXFileReference; fileEncoding = 4; lastKnownFileType = sourcecode.c.h; path = MainMenuViewController.h; sourceTree = "<group>"; };
		3487415F1BD84D9800038887 /* MainMenuViewController.m */ = {isa = PBXFileReference; fileEncoding = 4; lastKnownFileType = sourcecode.c.objc; path = MainMenuViewController.m; sourceTree = "<group>"; };
		348741601BD84D9800038887 /* OrderTableViewController.h */ = {isa = PBXFileReference; fileEncoding = 4; lastKnownFileType = sourcecode.c.h; path = OrderTableViewController.h; sourceTree = "<group>"; };
		348741611BD84D9800038887 /* OrderTableViewController.m */ = {isa = PBXFileReference; fileEncoding = 4; lastKnownFileType = sourcecode.c.objc; path = OrderTableViewController.m; sourceTree = "<group>"; };
		348741671BD84DBF00038887 /* cakes.json */ = {isa = PBXFileReference; fileEncoding = 4; lastKnownFileType = text.json; path = cakes.json; sourceTree = "<group>"; };
		348741691BD84E2A00038887 /* Main.storyboard */ = {isa = PBXFileReference; fileEncoding = 4; lastKnownFileType = file.storyboard; path = Main.storyboard; sourceTree = "<group>"; };
		34B7A7381BD84234001E6AD5 /* Regent Bakery and Cafe.app */ = {isa = PBXFileReference; explicitFileType = wrapper.application; includeInIndex = 0; path = "Regent Bakery and Cafe.app"; sourceTree = BUILT_PRODUCTS_DIR; };
		34B7A73C1BD84234001E6AD5 /* main.m */ = {isa = PBXFileReference; lastKnownFileType = sourcecode.c.objc; path = main.m; sourceTree = "<group>"; };
		34B7A73E1BD84234001E6AD5 /* AppDelegate.h */ = {isa = PBXFileReference; lastKnownFileType = sourcecode.c.h; path = AppDelegate.h; sourceTree = "<group>"; };
		34B7A73F1BD84234001E6AD5 /* AppDelegate.m */ = {isa = PBXFileReference; lastKnownFileType = sourcecode.c.objc; path = AppDelegate.m; sourceTree = "<group>"; };
		34B7A7471BD84234001E6AD5 /* Assets.xcassets */ = {isa = PBXFileReference; lastKnownFileType = folder.assetcatalog; path = Assets.xcassets; sourceTree = "<group>"; };
		34B7A74A1BD84234001E6AD5 /* Base */ = {isa = PBXFileReference; lastKnownFileType = file.storyboard; name = Base; path = Base.lproj/LaunchScreen.storyboard; sourceTree = "<group>"; };
		34B7A74C1BD84234001E6AD5 /* Info.plist */ = {isa = PBXFileReference; lastKnownFileType = text.plist.xml; path = Info.plist; sourceTree = "<group>"; };
		34B7A7511BD84234001E6AD5 /* Regent Bakery and CafeTests.xctest */ = {isa = PBXFileReference; explicitFileType = wrapper.cfbundle; includeInIndex = 0; path = "Regent Bakery and CafeTests.xctest"; sourceTree = BUILT_PRODUCTS_DIR; };
		34B7A7551BD84235001E6AD5 /* Regent_Bakery_and_CafeTests.m */ = {isa = PBXFileReference; lastKnownFileType = sourcecode.c.objc; path = Regent_Bakery_and_CafeTests.m; sourceTree = "<group>"; };
		34B7A7571BD84235001E6AD5 /* Info.plist */ = {isa = PBXFileReference; lastKnownFileType = text.plist.xml; path = Info.plist; sourceTree = "<group>"; };
		34B7A75C1BD84235001E6AD5 /* Regent Bakery and CafeUITests.xctest */ = {isa = PBXFileReference; explicitFileType = wrapper.cfbundle; includeInIndex = 0; path = "Regent Bakery and CafeUITests.xctest"; sourceTree = BUILT_PRODUCTS_DIR; };
		34B7A7601BD84235001E6AD5 /* Regent_Bakery_and_CafeUITests.m */ = {isa = PBXFileReference; lastKnownFileType = sourcecode.c.objc; path = Regent_Bakery_and_CafeUITests.m; sourceTree = "<group>"; };
		34B7A7621BD84235001E6AD5 /* Info.plist */ = {isa = PBXFileReference; lastKnownFileType = text.plist.xml; path = Info.plist; sourceTree = "<group>"; };
		66F3B507ECF9E043A5483E5A /* Pods-Regent Bakery and Cafe.debug.xcconfig */ = {isa = PBXFileReference; includeInIndex = 1; lastKnownFileType = text.xcconfig; name = "Pods-Regent Bakery and Cafe.debug.xcconfig"; path = "Pods/Target Support Files/Pods-Regent Bakery and Cafe/Pods-Regent Bakery and Cafe.debug.xcconfig"; sourceTree = "<group>"; };
		942578413DBCFDED3A3B3DF2 /* Pods-Regent Bakery and Cafe.release.xcconfig */ = {isa = PBXFileReference; includeInIndex = 1; lastKnownFileType = text.xcconfig; name = "Pods-Regent Bakery and Cafe.release.xcconfig"; path = "Pods/Target Support Files/Pods-Regent Bakery and Cafe/Pods-Regent Bakery and Cafe.release.xcconfig"; sourceTree = "<group>"; };
/* End PBXFileReference section */

/* Begin PBXFrameworksBuildPhase section */
		34B7A7351BD84234001E6AD5 /* Frameworks */ = {
			isa = PBXFrameworksBuildPhase;
			buildActionMask = 2147483647;
			files = (
				5B627A19C77CACDC675E0046 /* libPods-Regent Bakery and Cafe.a in Frameworks */,
			);
			runOnlyForDeploymentPostprocessing = 0;
		};
		34B7A74E1BD84234001E6AD5 /* Frameworks */ = {
			isa = PBXFrameworksBuildPhase;
			buildActionMask = 2147483647;
			files = (
			);
			runOnlyForDeploymentPostprocessing = 0;
		};
		34B7A7591BD84235001E6AD5 /* Frameworks */ = {
			isa = PBXFrameworksBuildPhase;
			buildActionMask = 2147483647;
			files = (
			);
			runOnlyForDeploymentPostprocessing = 0;
		};
/* End PBXFrameworksBuildPhase section */

/* Begin PBXGroup section */
		348741521BD84C4200038887 /* Model */ = {
			isa = PBXGroup;
			children = (
				3487414F1BD84BF300038887 /* Cake.h */,
				348741501BD84BF300038887 /* Cake.m */,
				348741551BD84C9700038887 /* Order.h */,
				348741561BD84C9700038887 /* Order.m */,
			);
			name = Model;
			sourceTree = "<group>";
		};
		348741531BD84C5300038887 /* Keys */ = {
			isa = PBXGroup;
			children = (
				340240621BD84590002881C9 /* Keys.h */,
				340240631BD84590002881C9 /* Keys.m */,
			);
			name = Keys;
			sourceTree = "<group>";
		};
		348741541BD84C6000038887 /* View Controllers */ = {
			isa = PBXGroup;
			children = (
				348741581BD84D9800038887 /* CakeCollectionViewCell.h */,
				348741591BD84D9800038887 /* CakeCollectionViewCell.m */,
				3487415A1BD84D9800038887 /* CakeMenuViewController.h */,
				3487415B1BD84D9800038887 /* CakeMenuViewController.m */,
				3487415C1BD84D9800038887 /* LocationsViewController.h */,
				3487415D1BD84D9800038887 /* LocationsViewController.m */,
				3487415E1BD84D9800038887 /* MainMenuViewController.h */,
				3487415F1BD84D9800038887 /* MainMenuViewController.m */,
				348741601BD84D9800038887 /* OrderTableViewController.h */,
				348741611BD84D9800038887 /* OrderTableViewController.m */,
			);
			name = "View Controllers";
			sourceTree = "<group>";
		};
		34B7A72F1BD84234001E6AD5 = {
			isa = PBXGroup;
			children = (
				34B7A73A1BD84234001E6AD5 /* Regent Bakery and Cafe */,
				34B7A7541BD84234001E6AD5 /* Regent Bakery and CafeTests */,
				34B7A75F1BD84235001E6AD5 /* Regent Bakery and CafeUITests */,
				34B7A7391BD84234001E6AD5 /* Products */,
				3782CAA045BE6A8157146401 /* Pods */,
				C33AB5C508414356873FBFB2 /* Frameworks */,
			);
			sourceTree = "<group>";
		};
		34B7A7391BD84234001E6AD5 /* Products */ = {
			isa = PBXGroup;
			children = (
				34B7A7381BD84234001E6AD5 /* Regent Bakery and Cafe.app */,
				34B7A7511BD84234001E6AD5 /* Regent Bakery and CafeTests.xctest */,
				34B7A75C1BD84235001E6AD5 /* Regent Bakery and CafeUITests.xctest */,
			);
			name = Products;
			sourceTree = "<group>";
		};
		34B7A73A1BD84234001E6AD5 /* Regent Bakery and Cafe */ = {
			isa = PBXGroup;
			children = (
				34B7A73E1BD84234001E6AD5 /* AppDelegate.h */,
				34B7A73F1BD84234001E6AD5 /* AppDelegate.m */,
				348741531BD84C5300038887 /* Keys */,
				348741521BD84C4200038887 /* Model */,
				348741541BD84C6000038887 /* View Controllers */,
				34B7A7471BD84234001E6AD5 /* Assets.xcassets */,
				348741691BD84E2A00038887 /* Main.storyboard */,
				34B7A7491BD84234001E6AD5 /* LaunchScreen.storyboard */,
				34B7A74C1BD84234001E6AD5 /* Info.plist */,
				34B7A73B1BD84234001E6AD5 /* Supporting Files */,
			);
			path = "Regent Bakery and Cafe";
			sourceTree = "<group>";
		};
		34B7A73B1BD84234001E6AD5 /* Supporting Files */ = {
			isa = PBXGroup;
			children = (
				348741671BD84DBF00038887 /* cakes.json */,
				34B7A73C1BD84234001E6AD5 /* main.m */,
			);
			name = "Supporting Files";
			sourceTree = "<group>";
		};
		34B7A7541BD84234001E6AD5 /* Regent Bakery and CafeTests */ = {
			isa = PBXGroup;
			children = (
				34B7A7551BD84235001E6AD5 /* Regent_Bakery_and_CafeTests.m */,
				34B7A7571BD84235001E6AD5 /* Info.plist */,
			);
			path = "Regent Bakery and CafeTests";
			sourceTree = "<group>";
		};
		34B7A75F1BD84235001E6AD5 /* Regent Bakery and CafeUITests */ = {
			isa = PBXGroup;
			children = (
				34B7A7601BD84235001E6AD5 /* Regent_Bakery_and_CafeUITests.m */,
				34B7A7621BD84235001E6AD5 /* Info.plist */,
			);
			path = "Regent Bakery and CafeUITests";
			sourceTree = "<group>";
		};
		3782CAA045BE6A8157146401 /* Pods */ = {
			isa = PBXGroup;
			children = (
				66F3B507ECF9E043A5483E5A /* Pods-Regent Bakery and Cafe.debug.xcconfig */,
				942578413DBCFDED3A3B3DF2 /* Pods-Regent Bakery and Cafe.release.xcconfig */,
			);
			name = Pods;
			sourceTree = "<group>";
		};
		C33AB5C508414356873FBFB2 /* Frameworks */ = {
			isa = PBXGroup;
			children = (
				1FACDB561BDF636749456C4F /* libPods-Regent Bakery and Cafe.a */,
			);
			name = Frameworks;
			sourceTree = "<group>";
		};
/* End PBXGroup section */

/* Begin PBXNativeTarget section */
		34B7A7371BD84234001E6AD5 /* Regent Bakery and Cafe */ = {
			isa = PBXNativeTarget;
			buildConfigurationList = 34B7A7651BD84235001E6AD5 /* Build configuration list for PBXNativeTarget "Regent Bakery and Cafe" */;
			buildPhases = (
				30962E0D5FD592A8300945D3 /* Check Pods Manifest.lock */,
				34B7A7341BD84234001E6AD5 /* Sources */,
				34B7A7351BD84234001E6AD5 /* Frameworks */,
				34B7A7361BD84234001E6AD5 /* Resources */,
				B141CE3BD9BEA23725F06A35 /* Embed Pods Frameworks */,
				E0A023E9B5D262924C665005 /* Copy Pods Resources */,
			);
			buildRules = (
			);
			dependencies = (
			);
			name = "Regent Bakery and Cafe";
			productName = "Regent Bakery and Cafe";
			productReference = 34B7A7381BD84234001E6AD5 /* Regent Bakery and Cafe.app */;
			productType = "com.apple.product-type.application";
		};
		34B7A7501BD84234001E6AD5 /* Regent Bakery and CafeTests */ = {
			isa = PBXNativeTarget;
			buildConfigurationList = 34B7A7681BD84235001E6AD5 /* Build configuration list for PBXNativeTarget "Regent Bakery and CafeTests" */;
			buildPhases = (
				34B7A74D1BD84234001E6AD5 /* Sources */,
				34B7A74E1BD84234001E6AD5 /* Frameworks */,
				34B7A74F1BD84234001E6AD5 /* Resources */,
			);
			buildRules = (
			);
			dependencies = (
				34B7A7531BD84234001E6AD5 /* PBXTargetDependency */,
			);
			name = "Regent Bakery and CafeTests";
			productName = "Regent Bakery and CafeTests";
			productReference = 34B7A7511BD84234001E6AD5 /* Regent Bakery and CafeTests.xctest */;
			productType = "com.apple.product-type.bundle.unit-test";
		};
		34B7A75B1BD84235001E6AD5 /* Regent Bakery and CafeUITests */ = {
			isa = PBXNativeTarget;
			buildConfigurationList = 34B7A76B1BD84235001E6AD5 /* Build configuration list for PBXNativeTarget "Regent Bakery and CafeUITests" */;
			buildPhases = (
				34B7A7581BD84235001E6AD5 /* Sources */,
				34B7A7591BD84235001E6AD5 /* Frameworks */,
				34B7A75A1BD84235001E6AD5 /* Resources */,
			);
			buildRules = (
			);
			dependencies = (
				34B7A75E1BD84235001E6AD5 /* PBXTargetDependency */,
			);
			name = "Regent Bakery and CafeUITests";
			productName = "Regent Bakery and CafeUITests";
			productReference = 34B7A75C1BD84235001E6AD5 /* Regent Bakery and CafeUITests.xctest */;
			productType = "com.apple.product-type.bundle.ui-testing";
		};
/* End PBXNativeTarget section */

/* Begin PBXProject section */
		34B7A7301BD84234001E6AD5 /* Project object */ = {
			isa = PBXProject;
			attributes = {
				LastUpgradeCheck = 0700;
				ORGANIZATIONNAME = Regent;
				TargetAttributes = {
					34B7A7371BD84234001E6AD5 = {
						CreatedOnToolsVersion = 7.0;
					};
					34B7A7501BD84234001E6AD5 = {
						CreatedOnToolsVersion = 7.0;
						TestTargetID = 34B7A7371BD84234001E6AD5;
					};
					34B7A75B1BD84235001E6AD5 = {
						CreatedOnToolsVersion = 7.0;
						TestTargetID = 34B7A7371BD84234001E6AD5;
					};
				};
			};
			buildConfigurationList = 34B7A7331BD84234001E6AD5 /* Build configuration list for PBXProject "Regent Bakery and Cafe" */;
			compatibilityVersion = "Xcode 3.2";
			developmentRegion = English;
			hasScannedForEncodings = 0;
			knownRegions = (
				en,
				Base,
			);
			mainGroup = 34B7A72F1BD84234001E6AD5;
			productRefGroup = 34B7A7391BD84234001E6AD5 /* Products */;
			projectDirPath = "";
			projectRoot = "";
			targets = (
				34B7A7371BD84234001E6AD5 /* Regent Bakery and Cafe */,
				34B7A7501BD84234001E6AD5 /* Regent Bakery and CafeTests */,
				34B7A75B1BD84235001E6AD5 /* Regent Bakery and CafeUITests */,
			);
		};
/* End PBXProject section */

/* Begin PBXResourcesBuildPhase section */
		34B7A7361BD84234001E6AD5 /* Resources */ = {
			isa = PBXResourcesBuildPhase;
			buildActionMask = 2147483647;
			files = (
				34B7A74B1BD84234001E6AD5 /* LaunchScreen.storyboard in Resources */,
				348741681BD84DBF00038887 /* cakes.json in Resources */,
				34B7A7481BD84234001E6AD5 /* Assets.xcassets in Resources */,
				3487416A1BD84E2A00038887 /* Main.storyboard in Resources */,
			);
			runOnlyForDeploymentPostprocessing = 0;
		};
		34B7A74F1BD84234001E6AD5 /* Resources */ = {
			isa = PBXResourcesBuildPhase;
			buildActionMask = 2147483647;
			files = (
			);
			runOnlyForDeploymentPostprocessing = 0;
		};
		34B7A75A1BD84235001E6AD5 /* Resources */ = {
			isa = PBXResourcesBuildPhase;
			buildActionMask = 2147483647;
			files = (
			);
			runOnlyForDeploymentPostprocessing = 0;
		};
/* End PBXResourcesBuildPhase section */

/* Begin PBXShellScriptBuildPhase section */
		30962E0D5FD592A8300945D3 /* Check Pods Manifest.lock */ = {
			isa = PBXShellScriptBuildPhase;
			buildActionMask = 2147483647;
			files = (
			);
			inputPaths = (
			);
			name = "Check Pods Manifest.lock";
			outputPaths = (
			);
			runOnlyForDeploymentPostprocessing = 0;
			shellPath = /bin/sh;
			shellScript = "diff \"${PODS_ROOT}/../Podfile.lock\" \"${PODS_ROOT}/Manifest.lock\" > /dev/null\nif [[ $? != 0 ]] ; then\n    cat << EOM\nerror: The sandbox is not in sync with the Podfile.lock. Run 'pod install' or update your CocoaPods installation.\nEOM\n    exit 1\nfi\n";
			showEnvVarsInLog = 0;
		};
		B141CE3BD9BEA23725F06A35 /* Embed Pods Frameworks */ = {
			isa = PBXShellScriptBuildPhase;
			buildActionMask = 2147483647;
			files = (
			);
			inputPaths = (
			);
			name = "Embed Pods Frameworks";
			outputPaths = (
			);
			runOnlyForDeploymentPostprocessing = 0;
			shellPath = /bin/sh;
			shellScript = "\"${SRCROOT}/Pods/Target Support Files/Pods-Regent Bakery and Cafe/Pods-Regent Bakery and Cafe-frameworks.sh\"\n";
			showEnvVarsInLog = 0;
		};
		E0A023E9B5D262924C665005 /* Copy Pods Resources */ = {
			isa = PBXShellScriptBuildPhase;
			buildActionMask = 2147483647;
			files = (
			);
			inputPaths = (
			);
			name = "Copy Pods Resources";
			outputPaths = (
			);
			runOnlyForDeploymentPostprocessing = 0;
			shellPath = /bin/sh;
			shellScript = "\"${SRCROOT}/Pods/Target Support Files/Pods-Regent Bakery and Cafe/Pods-Regent Bakery and Cafe-resources.sh\"\n";
			showEnvVarsInLog = 0;
		};
/* End PBXShellScriptBuildPhase section */

/* Begin PBXSourcesBuildPhase section */
		34B7A7341BD84234001E6AD5 /* Sources */ = {
			isa = PBXSourcesBuildPhase;
			buildActionMask = 2147483647;
			files = (
				348741571BD84C9700038887 /* Order.m in Sources */,
				348741511BD84BF300038887 /* Cake.m in Sources */,
				348741641BD84D9800038887 /* LocationsViewController.m in Sources */,
				340240641BD84590002881C9 /* Keys.m in Sources */,
				348741651BD84D9800038887 /* MainMenuViewController.m in Sources */,
				348741631BD84D9800038887 /* CakeMenuViewController.m in Sources */,
				348741621BD84D9800038887 /* CakeCollectionViewCell.m in Sources */,
				348741661BD84D9800038887 /* OrderTableViewController.m in Sources */,
				34B7A7401BD84234001E6AD5 /* AppDelegate.m in Sources */,
				34B7A73D1BD84234001E6AD5 /* main.m in Sources */,
			);
			runOnlyForDeploymentPostprocessing = 0;
		};
		34B7A74D1BD84234001E6AD5 /* Sources */ = {
			isa = PBXSourcesBuildPhase;
			buildActionMask = 2147483647;
			files = (
				34B7A7561BD84235001E6AD5 /* Regent_Bakery_and_CafeTests.m in Sources */,
			);
			runOnlyForDeploymentPostprocessing = 0;
		};
		34B7A7581BD84235001E6AD5 /* Sources */ = {
			isa = PBXSourcesBuildPhase;
			buildActionMask = 2147483647;
			files = (
				34B7A7611BD84235001E6AD5 /* Regent_Bakery_and_CafeUITests.m in Sources */,
			);
			runOnlyForDeploymentPostprocessing = 0;
		};
/* End PBXSourcesBuildPhase section */

/* Begin PBXTargetDependency section */
		34B7A7531BD84234001E6AD5 /* PBXTargetDependency */ = {
			isa = PBXTargetDependency;
			target = 34B7A7371BD84234001E6AD5 /* Regent Bakery and Cafe */;
			targetProxy = 34B7A7521BD84234001E6AD5 /* PBXContainerItemProxy */;
		};
		34B7A75E1BD84235001E6AD5 /* PBXTargetDependency */ = {
			isa = PBXTargetDependency;
			target = 34B7A7371BD84234001E6AD5 /* Regent Bakery and Cafe */;
			targetProxy = 34B7A75D1BD84235001E6AD5 /* PBXContainerItemProxy */;
		};
/* End PBXTargetDependency section */

/* Begin PBXVariantGroup section */
		34B7A7491BD84234001E6AD5 /* LaunchScreen.storyboard */ = {
			isa = PBXVariantGroup;
			children = (
				34B7A74A1BD84234001E6AD5 /* Base */,
			);
			name = LaunchScreen.storyboard;
			sourceTree = "<group>";
		};
/* End PBXVariantGroup section */

/* Begin XCBuildConfiguration section */
		34B7A7631BD84235001E6AD5 /* Debug */ = {
			isa = XCBuildConfiguration;
			buildSettings = {
				ALWAYS_SEARCH_USER_PATHS = NO;
				CLANG_CXX_LANGUAGE_STANDARD = "gnu++0x";
				CLANG_CXX_LIBRARY = "libc++";
				CLANG_ENABLE_MODULES = YES;
				CLANG_ENABLE_OBJC_ARC = YES;
				CLANG_WARN_BOOL_CONVERSION = YES;
				CLANG_WARN_CONSTANT_CONVERSION = YES;
				CLANG_WARN_DIRECT_OBJC_ISA_USAGE = YES_ERROR;
				CLANG_WARN_EMPTY_BODY = YES;
				CLANG_WARN_ENUM_CONVERSION = YES;
				CLANG_WARN_INT_CONVERSION = YES;
				CLANG_WARN_OBJC_ROOT_CLASS = YES_ERROR;
				CLANG_WARN_UNREACHABLE_CODE = YES;
				CLANG_WARN__DUPLICATE_METHOD_MATCH = YES;
				"CODE_SIGN_IDENTITY[sdk=iphoneos*]" = "iPhone Developer";
				COPY_PHASE_STRIP = NO;
				DEBUG_INFORMATION_FORMAT = dwarf;
				ENABLE_STRICT_OBJC_MSGSEND = YES;
				ENABLE_TESTABILITY = YES;
				GCC_C_LANGUAGE_STANDARD = gnu99;
				GCC_DYNAMIC_NO_PIC = NO;
				GCC_NO_COMMON_BLOCKS = YES;
				GCC_OPTIMIZATION_LEVEL = 0;
				GCC_PREPROCESSOR_DEFINITIONS = (
					"DEBUG=1",
					"$(inherited)",
				);
				GCC_WARN_64_TO_32_BIT_CONVERSION = YES;
				GCC_WARN_ABOUT_RETURN_TYPE = YES_ERROR;
				GCC_WARN_UNDECLARED_SELECTOR = YES;
				GCC_WARN_UNINITIALIZED_AUTOS = YES_AGGRESSIVE;
				GCC_WARN_UNUSED_FUNCTION = YES;
				GCC_WARN_UNUSED_VARIABLE = YES;
				IPHONEOS_DEPLOYMENT_TARGET = 9.0;
				MTL_ENABLE_DEBUG_INFO = YES;
				ONLY_ACTIVE_ARCH = YES;
				SDKROOT = iphoneos;
				TARGETED_DEVICE_FAMILY = "1,2";
			};
			name = Debug;
		};
		34B7A7641BD84235001E6AD5 /* Release */ = {
			isa = XCBuildConfiguration;
			buildSettings = {
				ALWAYS_SEARCH_USER_PATHS = NO;
				CLANG_CXX_LANGUAGE_STANDARD = "gnu++0x";
				CLANG_CXX_LIBRARY = "libc++";
				CLANG_ENABLE_MODULES = YES;
				CLANG_ENABLE_OBJC_ARC = YES;
				CLANG_WARN_BOOL_CONVERSION = YES;
				CLANG_WARN_CONSTANT_CONVERSION = YES;
				CLANG_WARN_DIRECT_OBJC_ISA_USAGE = YES_ERROR;
				CLANG_WARN_EMPTY_BODY = YES;
				CLANG_WARN_ENUM_CONVERSION = YES;
				CLANG_WARN_INT_CONVERSION = YES;
				CLANG_WARN_OBJC_ROOT_CLASS = YES_ERROR;
				CLANG_WARN_UNREACHABLE_CODE = YES;
				CLANG_WARN__DUPLICATE_METHOD_MATCH = YES;
				"CODE_SIGN_IDENTITY[sdk=iphoneos*]" = "iPhone Developer";
				COPY_PHASE_STRIP = NO;
				DEBUG_INFORMATION_FORMAT = "dwarf-with-dsym";
				ENABLE_NS_ASSERTIONS = NO;
				ENABLE_STRICT_OBJC_MSGSEND = YES;
				GCC_C_LANGUAGE_STANDARD = gnu99;
				GCC_NO_COMMON_BLOCKS = YES;
				GCC_WARN_64_TO_32_BIT_CONVERSION = YES;
				GCC_WARN_ABOUT_RETURN_TYPE = YES_ERROR;
				GCC_WARN_UNDECLARED_SELECTOR = YES;
				GCC_WARN_UNINITIALIZED_AUTOS = YES_AGGRESSIVE;
				GCC_WARN_UNUSED_FUNCTION = YES;
				GCC_WARN_UNUSED_VARIABLE = YES;
				IPHONEOS_DEPLOYMENT_TARGET = 9.0;
				MTL_ENABLE_DEBUG_INFO = NO;
				SDKROOT = iphoneos;
				TARGETED_DEVICE_FAMILY = "1,2";
				VALIDATE_PRODUCT = YES;
			};
			name = Release;
		};
		34B7A7661BD84235001E6AD5 /* Debug */ = {
			isa = XCBuildConfiguration;
			baseConfigurationReference = 66F3B507ECF9E043A5483E5A /* Pods-Regent Bakery and Cafe.debug.xcconfig */;
			buildSettings = {
				ASSETCATALOG_COMPILER_APPICON_NAME = AppIcon;
				INFOPLIST_FILE = "Regent Bakery and Cafe/Info.plist";
				LD_RUNPATH_SEARCH_PATHS = "$(inherited) @executable_path/Frameworks";
				PRODUCT_BUNDLE_IDENTIFIER = "com.Regent.Regent-Bakery-and-Cafe";
				PRODUCT_NAME = "$(TARGET_NAME)";
			};
			name = Debug;
		};
		34B7A7671BD84235001E6AD5 /* Release */ = {
			isa = XCBuildConfiguration;
			baseConfigurationReference = 942578413DBCFDED3A3B3DF2 /* Pods-Regent Bakery and Cafe.release.xcconfig */;
			buildSettings = {
				ASSETCATALOG_COMPILER_APPICON_NAME = AppIcon;
				INFOPLIST_FILE = "Regent Bakery and Cafe/Info.plist";
				LD_RUNPATH_SEARCH_PATHS = "$(inherited) @executable_path/Frameworks";
				PRODUCT_BUNDLE_IDENTIFIER = "com.Regent.Regent-Bakery-and-Cafe";
				PRODUCT_NAME = "$(TARGET_NAME)";
			};
			name = Release;
		};
		34B7A7691BD84235001E6AD5 /* Debug */ = {
			isa = XCBuildConfiguration;
			buildSettings = {
				BUNDLE_LOADER = "$(TEST_HOST)";
				INFOPLIST_FILE = "Regent Bakery and CafeTests/Info.plist";
				LD_RUNPATH_SEARCH_PATHS = "$(inherited) @executable_path/Frameworks @loader_path/Frameworks";
				PRODUCT_BUNDLE_IDENTIFIER = "com.Regent.Regent-Bakery-and-CafeTests";
				PRODUCT_NAME = "$(TARGET_NAME)";
				TEST_HOST = "$(BUILT_PRODUCTS_DIR)/Regent Bakery and Cafe.app/Regent Bakery and Cafe";
			};
			name = Debug;
		};
		34B7A76A1BD84235001E6AD5 /* Release */ = {
			isa = XCBuildConfiguration;
			buildSettings = {
				BUNDLE_LOADER = "$(TEST_HOST)";
				INFOPLIST_FILE = "Regent Bakery and CafeTests/Info.plist";
				LD_RUNPATH_SEARCH_PATHS = "$(inherited) @executable_path/Frameworks @loader_path/Frameworks";
				PRODUCT_BUNDLE_IDENTIFIER = "com.Regent.Regent-Bakery-and-CafeTests";
				PRODUCT_NAME = "$(TARGET_NAME)";
				TEST_HOST = "$(BUILT_PRODUCTS_DIR)/Regent Bakery and Cafe.app/Regent Bakery and Cafe";
			};
			name = Release;
		};
		34B7A76C1BD84235001E6AD5 /* Debug */ = {
			isa = XCBuildConfiguration;
			buildSettings = {
				INFOPLIST_FILE = "Regent Bakery and CafeUITests/Info.plist";
				LD_RUNPATH_SEARCH_PATHS = "$(inherited) @executable_path/Frameworks @loader_path/Frameworks";
				PRODUCT_BUNDLE_IDENTIFIER = "com.Regent.Regent-Bakery-and-CafeUITests";
				PRODUCT_NAME = "$(TARGET_NAME)";
				TEST_TARGET_NAME = "Regent Bakery and Cafe";
				USES_XCTRUNNER = YES;
			};
			name = Debug;
		};
		34B7A76D1BD84235001E6AD5 /* Release */ = {
			isa = XCBuildConfiguration;
			buildSettings = {
				INFOPLIST_FILE = "Regent Bakery and CafeUITests/Info.plist";
				LD_RUNPATH_SEARCH_PATHS = "$(inherited) @executable_path/Frameworks @loader_path/Frameworks";
				PRODUCT_BUNDLE_IDENTIFIER = "com.Regent.Regent-Bakery-and-CafeUITests";
				PRODUCT_NAME = "$(TARGET_NAME)";
				TEST_TARGET_NAME = "Regent Bakery and Cafe";
				USES_XCTRUNNER = YES;
			};
			name = Release;
		};
/* End XCBuildConfiguration section */

/* Begin XCConfigurationList section */
		34B7A7331BD84234001E6AD5 /* Build configuration list for PBXProject "Regent Bakery and Cafe" */ = {
			isa = XCConfigurationList;
			buildConfigurations = (
				34B7A7631BD84235001E6AD5 /* Debug */,
				34B7A7641BD84235001E6AD5 /* Release */,
			);
			defaultConfigurationIsVisible = 0;
			defaultConfigurationName = Release;
		};
		34B7A7651BD84235001E6AD5 /* Build configuration list for PBXNativeTarget "Regent Bakery and Cafe" */ = {
			isa = XCConfigurationList;
			buildConfigurations = (
				34B7A7661BD84235001E6AD5 /* Debug */,
				34B7A7671BD84235001E6AD5 /* Release */,
			);
			defaultConfigurationIsVisible = 0;
			defaultConfigurationName = Release;
		};
		34B7A7681BD84235001E6AD5 /* Build configuration list for PBXNativeTarget "Regent Bakery and CafeTests" */ = {
			isa = XCConfigurationList;
			buildConfigurations = (
				34B7A7691BD84235001E6AD5 /* Debug */,
				34B7A76A1BD84235001E6AD5 /* Release */,
			);
			defaultConfigurationIsVisible = 0;
			defaultConfigurationName = Release;
		};
		34B7A76B1BD84235001E6AD5 /* Build configuration list for PBXNativeTarget "Regent Bakery and CafeUITests" */ = {
			isa = XCConfigurationList;
			buildConfigurations = (
				34B7A76C1BD84235001E6AD5 /* Debug */,
				34B7A76D1BD84235001E6AD5 /* Release */,
			);
			defaultConfigurationIsVisible = 0;
			defaultConfigurationName = Release;
		};
/* End XCConfigurationList section */
	};
	rootObject = 34B7A7301BD84234001E6AD5 /* Project object */;
}
